// !$*UTF8*$!
{
	archiveVersion = 1;
	classes = {
	};
	objectVersion = 51;
	objects = {

/* Begin PBXBuildFile section */
		61DB6107F06F472D9582BFCE /* Pods_TimeCard.framework in Frameworks */ = {isa = PBXBuildFile; fileRef = 61D5658C4EB8F5015E037FAB /* Pods_TimeCard.framework */; };
		B70F965623ED02BE009F0AEE /* TaskModel.swift in Sources */ = {isa = PBXBuildFile; fileRef = B70F965523ED02BE009F0AEE /* TaskModel.swift */; };
		B70F965823ED02EB009F0AEE /* TaskWorkHourModel.swift in Sources */ = {isa = PBXBuildFile; fileRef = B70F965723ED02EB009F0AEE /* TaskWorkHourModel.swift */; };
		B70F965A23ED037D009F0AEE /* StartPointModel.swift in Sources */ = {isa = PBXBuildFile; fileRef = B70F965923ED037D009F0AEE /* StartPointModel.swift */; };
		B70F965C23ED03B7009F0AEE /* ManageModel.swift in Sources */ = {isa = PBXBuildFile; fileRef = B70F965B23ED03B7009F0AEE /* ManageModel.swift */; };
		B70F965E23ED0648009F0AEE /* WorkHourRepository.swift in Sources */ = {isa = PBXBuildFile; fileRef = B70F965D23ED0648009F0AEE /* WorkHourRepository.swift */; };
		B70F966023ED0653009F0AEE /* TaskRepository.swift in Sources */ = {isa = PBXBuildFile; fileRef = B70F965F23ED0653009F0AEE /* TaskRepository.swift */; };
		B70F966223ED065F009F0AEE /* TaskWorkHourRepository.swift in Sources */ = {isa = PBXBuildFile; fileRef = B70F966123ED065F009F0AEE /* TaskWorkHourRepository.swift */; };
		B70F966423ED066C009F0AEE /* StartPointRepository.swift in Sources */ = {isa = PBXBuildFile; fileRef = B70F966323ED066C009F0AEE /* StartPointRepository.swift */; };
		B70F966623ED0676009F0AEE /* ManageRepository.swift in Sources */ = {isa = PBXBuildFile; fileRef = B70F966523ED0676009F0AEE /* ManageRepository.swift */; };
		B70F966823ED2F9D009F0AEE /* HistoryTableViewController.swift in Sources */ = {isa = PBXBuildFile; fileRef = B70F966723ED2F9D009F0AEE /* HistoryTableViewController.swift */; };
		B70F966B23ED3449009F0AEE /* HistoryTableViewCell.swift in Sources */ = {isa = PBXBuildFile; fileRef = B70F966923ED3449009F0AEE /* HistoryTableViewCell.swift */; };
		B70F966C23ED3449009F0AEE /* HistoryTableViewCell.xib in Resources */ = {isa = PBXBuildFile; fileRef = B70F966A23ED3449009F0AEE /* HistoryTableViewCell.xib */; };
		B716AE9723AA168B00809068 /* TimeModel.swift in Sources */ = {isa = PBXBuildFile; fileRef = B716AE9623AA168B00809068 /* TimeModel.swift */; };
		B72F2FDA244B1407006EEB29 /* EditTableHeaderViewCell.swift in Sources */ = {isa = PBXBuildFile; fileRef = B72F2FD8244B1407006EEB29 /* EditTableHeaderViewCell.swift */; };
		B72F2FDB244B1407006EEB29 /* EditTableHeaderViewCell.xib in Resources */ = {isa = PBXBuildFile; fileRef = B72F2FD9244B1407006EEB29 /* EditTableHeaderViewCell.xib */; };
		B72F2FDD244B223F006EEB29 /* EditTableSectionHeaderView.swift in Sources */ = {isa = PBXBuildFile; fileRef = B72F2FDC244B223F006EEB29 /* EditTableSectionHeaderView.swift */; };
		B72F2FDF244B2B21006EEB29 /* EditTableSectionHeaderView.xib in Resources */ = {isa = PBXBuildFile; fileRef = B72F2FDE244B2B21006EEB29 /* EditTableSectionHeaderView.xib */; };
		B7318DFE2441EC7B00E95B74 /* EditViewController.swift in Sources */ = {isa = PBXBuildFile; fileRef = B7318DFD2441EC7B00E95B74 /* EditViewController.swift */; };
		B733F0D82400297800A7630D /* ButtonExtension.swift in Sources */ = {isa = PBXBuildFile; fileRef = B733F0D72400297800A7630D /* ButtonExtension.swift */; };
		B733F0DA240029A100A7630D /* UIViewExtension.swift in Sources */ = {isa = PBXBuildFile; fileRef = B733F0D9240029A100A7630D /* UIViewExtension.swift */; };
		B75F10BF23EAC70E0019A844 /* WorkHourModel.swift in Sources */ = {isa = PBXBuildFile; fileRef = B75F10BE23EAC70E0019A844 /* WorkHourModel.swift */; };
		B762657B23B71CA800EAA54E /* MainViewController.swift in Sources */ = {isa = PBXBuildFile; fileRef = B762657A23B71CA800EAA54E /* MainViewController.swift */; };
		B762657D23B78D4E00EAA54E /* CreateSerialNumber.swift in Sources */ = {isa = PBXBuildFile; fileRef = B762657C23B78D4E00EAA54E /* CreateSerialNumber.swift */; };
		B762657F23BA62A400EAA54E /* TimeRepository.swift in Sources */ = {isa = PBXBuildFile; fileRef = B762657E23BA62A400EAA54E /* TimeRepository.swift */; };
		B762658123BA767D00EAA54E /* Util.swift in Sources */ = {isa = PBXBuildFile; fileRef = B762658023BA767D00EAA54E /* Util.swift */; };
		B7F5C19723A00442009AAAA7 /* AppDelegate.swift in Sources */ = {isa = PBXBuildFile; fileRef = B7F5C19623A00442009AAAA7 /* AppDelegate.swift */; };
		B7F5C19923A00442009AAAA7 /* SceneDelegate.swift in Sources */ = {isa = PBXBuildFile; fileRef = B7F5C19823A00442009AAAA7 /* SceneDelegate.swift */; };
		B7F5C19B23A00442009AAAA7 /* ViewController.swift in Sources */ = {isa = PBXBuildFile; fileRef = B7F5C19A23A00442009AAAA7 /* ViewController.swift */; };
		B7F5C19E23A00442009AAAA7 /* Main.storyboard in Resources */ = {isa = PBXBuildFile; fileRef = B7F5C19C23A00442009AAAA7 /* Main.storyboard */; };
		B7F5C1A023A00447009AAAA7 /* Assets.xcassets in Resources */ = {isa = PBXBuildFile; fileRef = B7F5C19F23A00447009AAAA7 /* Assets.xcassets */; };
		B7F5C1A323A00447009AAAA7 /* LaunchScreen.storyboard in Resources */ = {isa = PBXBuildFile; fileRef = B7F5C1A123A00447009AAAA7 /* LaunchScreen.storyboard */; };
		B7FFDC882466A14D00BCB7DD /* EditSectionTableViewCell.swift in Sources */ = {isa = PBXBuildFile; fileRef = B7FFDC862466A14D00BCB7DD /* EditSectionTableViewCell.swift */; };
		B7FFDC892466A14D00BCB7DD /* EditSectionTableViewCell.xib in Resources */ = {isa = PBXBuildFile; fileRef = B7FFDC872466A14D00BCB7DD /* EditSectionTableViewCell.xib */; };
/* End PBXBuildFile section */

/* Begin PBXFileReference section */
		61D5658C4EB8F5015E037FAB /* Pods_TimeCard.framework */ = {isa = PBXFileReference; explicitFileType = wrapper.framework; includeInIndex = 0; path = Pods_TimeCard.framework; sourceTree = BUILT_PRODUCTS_DIR; };
		87AB7FCC4768BE0B7B366F84 /* Pods-TimeCard.release.xcconfig */ = {isa = PBXFileReference; includeInIndex = 1; lastKnownFileType = text.xcconfig; name = "Pods-TimeCard.release.xcconfig"; path = "Target Support Files/Pods-TimeCard/Pods-TimeCard.release.xcconfig"; sourceTree = "<group>"; };
		B70F965523ED02BE009F0AEE /* TaskModel.swift */ = {isa = PBXFileReference; lastKnownFileType = sourcecode.swift; path = TaskModel.swift; sourceTree = "<group>"; };
		B70F965723ED02EB009F0AEE /* TaskWorkHourModel.swift */ = {isa = PBXFileReference; lastKnownFileType = sourcecode.swift; path = TaskWorkHourModel.swift; sourceTree = "<group>"; };
		B70F965923ED037D009F0AEE /* StartPointModel.swift */ = {isa = PBXFileReference; lastKnownFileType = sourcecode.swift; path = StartPointModel.swift; sourceTree = "<group>"; };
		B70F965B23ED03B7009F0AEE /* ManageModel.swift */ = {isa = PBXFileReference; lastKnownFileType = sourcecode.swift; path = ManageModel.swift; sourceTree = "<group>"; };
		B70F965D23ED0648009F0AEE /* WorkHourRepository.swift */ = {isa = PBXFileReference; lastKnownFileType = sourcecode.swift; path = WorkHourRepository.swift; sourceTree = "<group>"; };
		B70F965F23ED0653009F0AEE /* TaskRepository.swift */ = {isa = PBXFileReference; lastKnownFileType = sourcecode.swift; path = TaskRepository.swift; sourceTree = "<group>"; };
		B70F966123ED065F009F0AEE /* TaskWorkHourRepository.swift */ = {isa = PBXFileReference; lastKnownFileType = sourcecode.swift; path = TaskWorkHourRepository.swift; sourceTree = "<group>"; };
		B70F966323ED066C009F0AEE /* StartPointRepository.swift */ = {isa = PBXFileReference; lastKnownFileType = sourcecode.swift; path = StartPointRepository.swift; sourceTree = "<group>"; };
		B70F966523ED0676009F0AEE /* ManageRepository.swift */ = {isa = PBXFileReference; lastKnownFileType = sourcecode.swift; path = ManageRepository.swift; sourceTree = "<group>"; };
		B70F966723ED2F9D009F0AEE /* HistoryTableViewController.swift */ = {isa = PBXFileReference; lastKnownFileType = sourcecode.swift; path = HistoryTableViewController.swift; sourceTree = "<group>"; };
		B70F966923ED3449009F0AEE /* HistoryTableViewCell.swift */ = {isa = PBXFileReference; lastKnownFileType = sourcecode.swift; path = HistoryTableViewCell.swift; sourceTree = "<group>"; };
		B70F966A23ED3449009F0AEE /* HistoryTableViewCell.xib */ = {isa = PBXFileReference; lastKnownFileType = file.xib; path = HistoryTableViewCell.xib; sourceTree = "<group>"; };
		B716AE9623AA168B00809068 /* TimeModel.swift */ = {isa = PBXFileReference; lastKnownFileType = sourcecode.swift; path = TimeModel.swift; sourceTree = "<group>"; };
		B72F2FD8244B1407006EEB29 /* EditTableHeaderViewCell.swift */ = {isa = PBXFileReference; lastKnownFileType = sourcecode.swift; path = EditTableHeaderViewCell.swift; sourceTree = "<group>"; };
		B72F2FD9244B1407006EEB29 /* EditTableHeaderViewCell.xib */ = {isa = PBXFileReference; lastKnownFileType = file.xib; path = EditTableHeaderViewCell.xib; sourceTree = "<group>"; };
		B72F2FDC244B223F006EEB29 /* EditTableSectionHeaderView.swift */ = {isa = PBXFileReference; lastKnownFileType = sourcecode.swift; path = EditTableSectionHeaderView.swift; sourceTree = "<group>"; };
		B72F2FDE244B2B21006EEB29 /* EditTableSectionHeaderView.xib */ = {isa = PBXFileReference; lastKnownFileType = file.xib; path = EditTableSectionHeaderView.xib; sourceTree = "<group>"; };
		B7318DFD2441EC7B00E95B74 /* EditViewController.swift */ = {isa = PBXFileReference; lastKnownFileType = sourcecode.swift; path = EditViewController.swift; sourceTree = "<group>"; };
		B733F0D72400297800A7630D /* ButtonExtension.swift */ = {isa = PBXFileReference; lastKnownFileType = sourcecode.swift; path = ButtonExtension.swift; sourceTree = "<group>"; };
		B733F0D9240029A100A7630D /* UIViewExtension.swift */ = {isa = PBXFileReference; lastKnownFileType = sourcecode.swift; path = UIViewExtension.swift; sourceTree = "<group>"; };
		B75F10BE23EAC70E0019A844 /* WorkHourModel.swift */ = {isa = PBXFileReference; lastKnownFileType = sourcecode.swift; path = WorkHourModel.swift; sourceTree = "<group>"; };
		B762657A23B71CA800EAA54E /* MainViewController.swift */ = {isa = PBXFileReference; lastKnownFileType = sourcecode.swift; path = MainViewController.swift; sourceTree = "<group>"; };
		B762657C23B78D4E00EAA54E /* CreateSerialNumber.swift */ = {isa = PBXFileReference; lastKnownFileType = sourcecode.swift; path = CreateSerialNumber.swift; sourceTree = "<group>"; };
		B762657E23BA62A400EAA54E /* TimeRepository.swift */ = {isa = PBXFileReference; lastKnownFileType = sourcecode.swift; path = TimeRepository.swift; sourceTree = "<group>"; };
		B762658023BA767D00EAA54E /* Util.swift */ = {isa = PBXFileReference; lastKnownFileType = sourcecode.swift; path = Util.swift; sourceTree = "<group>"; };
		B7F5C19323A00442009AAAA7 /* TimeCard.app */ = {isa = PBXFileReference; explicitFileType = wrapper.application; includeInIndex = 0; path = TimeCard.app; sourceTree = BUILT_PRODUCTS_DIR; };
		B7F5C19623A00442009AAAA7 /* AppDelegate.swift */ = {isa = PBXFileReference; lastKnownFileType = sourcecode.swift; path = AppDelegate.swift; sourceTree = "<group>"; };
		B7F5C19823A00442009AAAA7 /* SceneDelegate.swift */ = {isa = PBXFileReference; lastKnownFileType = sourcecode.swift; path = SceneDelegate.swift; sourceTree = "<group>"; };
		B7F5C19A23A00442009AAAA7 /* ViewController.swift */ = {isa = PBXFileReference; lastKnownFileType = sourcecode.swift; path = ViewController.swift; sourceTree = "<group>"; };
		B7F5C19D23A00442009AAAA7 /* Base */ = {isa = PBXFileReference; lastKnownFileType = file.storyboard; name = Base; path = Base.lproj/Main.storyboard; sourceTree = "<group>"; };
		B7F5C19F23A00447009AAAA7 /* Assets.xcassets */ = {isa = PBXFileReference; lastKnownFileType = folder.assetcatalog; path = Assets.xcassets; sourceTree = "<group>"; };
		B7F5C1A223A00447009AAAA7 /* Base */ = {isa = PBXFileReference; lastKnownFileType = file.storyboard; name = Base; path = Base.lproj/LaunchScreen.storyboard; sourceTree = "<group>"; };
		B7F5C1A423A00447009AAAA7 /* Info.plist */ = {isa = PBXFileReference; lastKnownFileType = text.plist.xml; path = Info.plist; sourceTree = "<group>"; };
		B7FFDC862466A14D00BCB7DD /* EditSectionTableViewCell.swift */ = {isa = PBXFileReference; lastKnownFileType = sourcecode.swift; path = EditSectionTableViewCell.swift; sourceTree = "<group>"; };
		B7FFDC872466A14D00BCB7DD /* EditSectionTableViewCell.xib */ = {isa = PBXFileReference; lastKnownFileType = file.xib; path = EditSectionTableViewCell.xib; sourceTree = "<group>"; };
		C8FB75C94B73CDD20D420D26 /* Pods-TimeCard.debug.xcconfig */ = {isa = PBXFileReference; includeInIndex = 1; lastKnownFileType = text.xcconfig; name = "Pods-TimeCard.debug.xcconfig"; path = "Target Support Files/Pods-TimeCard/Pods-TimeCard.debug.xcconfig"; sourceTree = "<group>"; };
/* End PBXFileReference section */

/* Begin PBXFrameworksBuildPhase section */
		B7F5C19023A00442009AAAA7 /* Frameworks */ = {
			isa = PBXFrameworksBuildPhase;
			buildActionMask = 2147483647;
			files = (
				61DB6107F06F472D9582BFCE /* Pods_TimeCard.framework in Frameworks */,
			);
			runOnlyForDeploymentPostprocessing = 0;
		};
/* End PBXFrameworksBuildPhase section */

/* Begin PBXGroup section */
		2A055ED72D33688129739F4A /* Frameworks */ = {
			isa = PBXGroup;
			children = (
				61D5658C4EB8F5015E037FAB /* Pods_TimeCard.framework */,
			);
			name = Frameworks;
			sourceTree = "<group>";
		};
		B75F10BC23EABE700019A844 /* model */ = {
			isa = PBXGroup;
			children = (
				B716AE9623AA168B00809068 /* TimeModel.swift */,
				B75F10BE23EAC70E0019A844 /* WorkHourModel.swift */,
				B70F965523ED02BE009F0AEE /* TaskModel.swift */,
				B70F965723ED02EB009F0AEE /* TaskWorkHourModel.swift */,
				B70F965923ED037D009F0AEE /* StartPointModel.swift */,
				B70F965B23ED03B7009F0AEE /* ManageModel.swift */,
			);
			path = model;
			sourceTree = "<group>";
		};
		B75F10BD23EABE830019A844 /* repository */ = {
			isa = PBXGroup;
			children = (
				B762657E23BA62A400EAA54E /* TimeRepository.swift */,
				B70F965D23ED0648009F0AEE /* WorkHourRepository.swift */,
				B70F965F23ED0653009F0AEE /* TaskRepository.swift */,
				B70F966123ED065F009F0AEE /* TaskWorkHourRepository.swift */,
				B70F966323ED066C009F0AEE /* StartPointRepository.swift */,
				B70F966523ED0676009F0AEE /* ManageRepository.swift */,
			);
			path = repository;
			sourceTree = "<group>";
		};
		B7F5C18A23A00442009AAAA7 = {
			isa = PBXGroup;
			children = (
				B7F5C19523A00442009AAAA7 /* TimeCard */,
				B7F5C19423A00442009AAAA7 /* Products */,
				C6E7187F38A4520321B3B668 /* Pods */,
				2A055ED72D33688129739F4A /* Frameworks */,
			);
			sourceTree = "<group>";
		};
		B7F5C19423A00442009AAAA7 /* Products */ = {
			isa = PBXGroup;
			children = (
				B7F5C19323A00442009AAAA7 /* TimeCard.app */,
			);
			name = Products;
			sourceTree = "<group>";
		};
		B7F5C19523A00442009AAAA7 /* TimeCard */ = {
			isa = PBXGroup;
			children = (
				B75F10BD23EABE830019A844 /* repository */,
				B75F10BC23EABE700019A844 /* model */,
				B7F5C19623A00442009AAAA7 /* AppDelegate.swift */,
				B7F5C19823A00442009AAAA7 /* SceneDelegate.swift */,
				B7F5C19A23A00442009AAAA7 /* ViewController.swift */,
				B7F5C19C23A00442009AAAA7 /* Main.storyboard */,
				B7F5C19F23A00447009AAAA7 /* Assets.xcassets */,
				B7F5C1A123A00447009AAAA7 /* LaunchScreen.storyboard */,
				B7F5C1A423A00447009AAAA7 /* Info.plist */,
				B762657A23B71CA800EAA54E /* MainViewController.swift */,
				B70F966723ED2F9D009F0AEE /* HistoryTableViewController.swift */,
				B70F966923ED3449009F0AEE /* HistoryTableViewCell.swift */,
				B70F966A23ED3449009F0AEE /* HistoryTableViewCell.xib */,
				B762657C23B78D4E00EAA54E /* CreateSerialNumber.swift */,
				B762658023BA767D00EAA54E /* Util.swift */,
				B733F0D72400297800A7630D /* ButtonExtension.swift */,
				B733F0D9240029A100A7630D /* UIViewExtension.swift */,
				B7318DFD2441EC7B00E95B74 /* EditViewController.swift */,
				B72F2FD8244B1407006EEB29 /* EditTableHeaderViewCell.swift */,
				B72F2FD9244B1407006EEB29 /* EditTableHeaderViewCell.xib */,
				B72F2FDC244B223F006EEB29 /* EditTableSectionHeaderView.swift */,
				B72F2FDE244B2B21006EEB29 /* EditTableSectionHeaderView.xib */,
				B7FFDC862466A14D00BCB7DD /* EditSectionTableViewCell.swift */,
				B7FFDC872466A14D00BCB7DD /* EditSectionTableViewCell.xib */,
			);
			path = TimeCard;
			sourceTree = "<group>";
		};
		C6E7187F38A4520321B3B668 /* Pods */ = {
			isa = PBXGroup;
			children = (
				C8FB75C94B73CDD20D420D26 /* Pods-TimeCard.debug.xcconfig */,
				87AB7FCC4768BE0B7B366F84 /* Pods-TimeCard.release.xcconfig */,
			);
			path = Pods;
			sourceTree = "<group>";
		};
/* End PBXGroup section */

/* Begin PBXNativeTarget section */
		B7F5C19223A00442009AAAA7 /* TimeCard */ = {
			isa = PBXNativeTarget;
			buildConfigurationList = B7F5C1A723A00447009AAAA7 /* Build configuration list for PBXNativeTarget "TimeCard" */;
			buildPhases = (
				88CD3930F5752A23F770F415 /* [CP] Check Pods Manifest.lock */,
				B7F5C18F23A00442009AAAA7 /* Sources */,
				B7F5C19023A00442009AAAA7 /* Frameworks */,
				B7F5C19123A00442009AAAA7 /* Resources */,
				183B9D06185F79E576B2CB10 /* [CP] Embed Pods Frameworks */,
			);
			buildRules = (
			);
			dependencies = (
			);
			name = TimeCard;
			productName = TimeCard;
			productReference = B7F5C19323A00442009AAAA7 /* TimeCard.app */;
			productType = "com.apple.product-type.application";
		};
/* End PBXNativeTarget section */

/* Begin PBXProject section */
		B7F5C18B23A00442009AAAA7 /* Project object */ = {
			isa = PBXProject;
			attributes = {
				LastSwiftUpdateCheck = 1120;
				LastUpgradeCheck = 1120;
				ORGANIZATIONNAME = pupuplanet;
				TargetAttributes = {
					B7F5C19223A00442009AAAA7 = {
						CreatedOnToolsVersion = 11.2.1;
					};
				};
			};
			buildConfigurationList = B7F5C18E23A00442009AAAA7 /* Build configuration list for PBXProject "TimeCard" */;
			compatibilityVersion = "Xcode 9.3";
			developmentRegion = en;
			hasScannedForEncodings = 0;
			knownRegions = (
				en,
				Base,
			);
			mainGroup = B7F5C18A23A00442009AAAA7;
			productRefGroup = B7F5C19423A00442009AAAA7 /* Products */;
			projectDirPath = "";
			projectRoot = "";
			targets = (
				B7F5C19223A00442009AAAA7 /* TimeCard */,
			);
		};
/* End PBXProject section */

/* Begin PBXResourcesBuildPhase section */
		B7F5C19123A00442009AAAA7 /* Resources */ = {
			isa = PBXResourcesBuildPhase;
			buildActionMask = 2147483647;
			files = (
				B7FFDC892466A14D00BCB7DD /* EditSectionTableViewCell.xib in Resources */,
				B7F5C1A323A00447009AAAA7 /* LaunchScreen.storyboard in Resources */,
				B7F5C1A023A00447009AAAA7 /* Assets.xcassets in Resources */,
				B70F966C23ED3449009F0AEE /* HistoryTableViewCell.xib in Resources */,
				B7F5C19E23A00442009AAAA7 /* Main.storyboard in Resources */,
				B72F2FDF244B2B21006EEB29 /* EditTableSectionHeaderView.xib in Resources */,
				B72F2FDB244B1407006EEB29 /* EditTableHeaderViewCell.xib in Resources */,
			);
			runOnlyForDeploymentPostprocessing = 0;
		};
/* End PBXResourcesBuildPhase section */

/* Begin PBXShellScriptBuildPhase section */
		183B9D06185F79E576B2CB10 /* [CP] Embed Pods Frameworks */ = {
			isa = PBXShellScriptBuildPhase;
			buildActionMask = 2147483647;
			files = (
			);
			inputFileListPaths = (
				"${PODS_ROOT}/Target Support Files/Pods-TimeCard/Pods-TimeCard-frameworks-${CONFIGURATION}-input-files.xcfilelist",
			);
			name = "[CP] Embed Pods Frameworks";
			outputFileListPaths = (
				"${PODS_ROOT}/Target Support Files/Pods-TimeCard/Pods-TimeCard-frameworks-${CONFIGURATION}-output-files.xcfilelist",
			);
			runOnlyForDeploymentPostprocessing = 0;
			shellPath = /bin/sh;
			shellScript = "\"${PODS_ROOT}/Target Support Files/Pods-TimeCard/Pods-TimeCard-frameworks.sh\"\n";
			showEnvVarsInLog = 0;
		};
		88CD3930F5752A23F770F415 /* [CP] Check Pods Manifest.lock */ = {
			isa = PBXShellScriptBuildPhase;
			buildActionMask = 2147483647;
			files = (
			);
			inputFileListPaths = (
			);
			inputPaths = (
				"${PODS_PODFILE_DIR_PATH}/Podfile.lock",
				"${PODS_ROOT}/Manifest.lock",
			);
			name = "[CP] Check Pods Manifest.lock";
			outputFileListPaths = (
			);
			outputPaths = (
				"$(DERIVED_FILE_DIR)/Pods-TimeCard-checkManifestLockResult.txt",
			);
			runOnlyForDeploymentPostprocessing = 0;
			shellPath = /bin/sh;
			shellScript = "diff \"${PODS_PODFILE_DIR_PATH}/Podfile.lock\" \"${PODS_ROOT}/Manifest.lock\" > /dev/null\nif [ $? != 0 ] ; then\n    # print error to STDERR\n    echo \"error: The sandbox is not in sync with the Podfile.lock. Run 'pod install' or update your CocoaPods installation.\" >&2\n    exit 1\nfi\n# This output is used by Xcode 'outputs' to avoid re-running this script phase.\necho \"SUCCESS\" > \"${SCRIPT_OUTPUT_FILE_0}\"\n";
			showEnvVarsInLog = 0;
		};
/* End PBXShellScriptBuildPhase section */

/* Begin PBXSourcesBuildPhase section */
		B7F5C18F23A00442009AAAA7 /* Sources */ = {
			isa = PBXSourcesBuildPhase;
			buildActionMask = 2147483647;
			files = (
				B72F2FDD244B223F006EEB29 /* EditTableSectionHeaderView.swift in Sources */,
				B733F0D82400297800A7630D /* ButtonExtension.swift in Sources */,
				B70F966823ED2F9D009F0AEE /* HistoryTableViewController.swift in Sources */,
				B733F0DA240029A100A7630D /* UIViewExtension.swift in Sources */,
				B762657D23B78D4E00EAA54E /* CreateSerialNumber.swift in Sources */,
				B762657F23BA62A400EAA54E /* TimeRepository.swift in Sources */,
				B70F966423ED066C009F0AEE /* StartPointRepository.swift in Sources */,
				B70F965623ED02BE009F0AEE /* TaskModel.swift in Sources */,
				B70F965C23ED03B7009F0AEE /* ManageModel.swift in Sources */,
				B70F965E23ED0648009F0AEE /* WorkHourRepository.swift in Sources */,
				B7F5C19B23A00442009AAAA7 /* ViewController.swift in Sources */,
				B762658123BA767D00EAA54E /* Util.swift in Sources */,
				B75F10BF23EAC70E0019A844 /* WorkHourModel.swift in Sources */,
				B7FFDC882466A14D00BCB7DD /* EditSectionTableViewCell.swift in Sources */,
				B7F5C19723A00442009AAAA7 /* AppDelegate.swift in Sources */,
				B70F966623ED0676009F0AEE /* ManageRepository.swift in Sources */,
				B70F966023ED0653009F0AEE /* TaskRepository.swift in Sources */,
				B716AE9723AA168B00809068 /* TimeModel.swift in Sources */,
				B7318DFE2441EC7B00E95B74 /* EditViewController.swift in Sources */,
				B70F966B23ED3449009F0AEE /* HistoryTableViewCell.swift in Sources */,
				B72F2FDA244B1407006EEB29 /* EditTableHeaderViewCell.swift in Sources */,
				B70F966223ED065F009F0AEE /* TaskWorkHourRepository.swift in Sources */,
				B7F5C19923A00442009AAAA7 /* SceneDelegate.swift in Sources */,
				B70F965A23ED037D009F0AEE /* StartPointModel.swift in Sources */,
				B762657B23B71CA800EAA54E /* MainViewController.swift in Sources */,
				B70F965823ED02EB009F0AEE /* TaskWorkHourModel.swift in Sources */,
			);
			runOnlyForDeploymentPostprocessing = 0;
		};
/* End PBXSourcesBuildPhase section */

/* Begin PBXVariantGroup section */
		B7F5C19C23A00442009AAAA7 /* Main.storyboard */ = {
			isa = PBXVariantGroup;
			children = (
				B7F5C19D23A00442009AAAA7 /* Base */,
			);
			name = Main.storyboard;
			sourceTree = "<group>";
		};
		B7F5C1A123A00447009AAAA7 /* LaunchScreen.storyboard */ = {
			isa = PBXVariantGroup;
			children = (
				B7F5C1A223A00447009AAAA7 /* Base */,
			);
			name = LaunchScreen.storyboard;
			sourceTree = "<group>";
		};
/* End PBXVariantGroup section */

/* Begin XCBuildConfiguration section */
		B7F5C1A523A00447009AAAA7 /* Debug */ = {
			isa = XCBuildConfiguration;
			buildSettings = {
				ALWAYS_SEARCH_USER_PATHS = NO;
				CLANG_ANALYZER_NONNULL = YES;
				CLANG_ANALYZER_NUMBER_OBJECT_CONVERSION = YES_AGGRESSIVE;
				CLANG_CXX_LANGUAGE_STANDARD = "gnu++14";
				CLANG_CXX_LIBRARY = "libc++";
				CLANG_ENABLE_MODULES = YES;
				CLANG_ENABLE_OBJC_ARC = YES;
				CLANG_ENABLE_OBJC_WEAK = YES;
				CLANG_WARN_BLOCK_CAPTURE_AUTORELEASING = YES;
				CLANG_WARN_BOOL_CONVERSION = YES;
				CLANG_WARN_COMMA = YES;
				CLANG_WARN_CONSTANT_CONVERSION = YES;
				CLANG_WARN_DEPRECATED_OBJC_IMPLEMENTATIONS = YES;
				CLANG_WARN_DIRECT_OBJC_ISA_USAGE = YES_ERROR;
				CLANG_WARN_DOCUMENTATION_COMMENTS = YES;
				CLANG_WARN_EMPTY_BODY = YES;
				CLANG_WARN_ENUM_CONVERSION = YES;
				CLANG_WARN_INFINITE_RECURSION = YES;
				CLANG_WARN_INT_CONVERSION = YES;
				CLANG_WARN_NON_LITERAL_NULL_CONVERSION = YES;
				CLANG_WARN_OBJC_IMPLICIT_RETAIN_SELF = YES;
				CLANG_WARN_OBJC_LITERAL_CONVERSION = YES;
				CLANG_WARN_OBJC_ROOT_CLASS = YES_ERROR;
				CLANG_WARN_RANGE_LOOP_ANALYSIS = YES;
				CLANG_WARN_STRICT_PROTOTYPES = YES;
				CLANG_WARN_SUSPICIOUS_MOVE = YES;
				CLANG_WARN_UNGUARDED_AVAILABILITY = YES_AGGRESSIVE;
				CLANG_WARN_UNREACHABLE_CODE = YES;
				CLANG_WARN__DUPLICATE_METHOD_MATCH = YES;
				COPY_PHASE_STRIP = NO;
				DEBUG_INFORMATION_FORMAT = dwarf;
				ENABLE_STRICT_OBJC_MSGSEND = YES;
				ENABLE_TESTABILITY = YES;
				GCC_C_LANGUAGE_STANDARD = gnu11;
				GCC_DYNAMIC_NO_PIC = NO;
				GCC_NO_COMMON_BLOCKS = YES;
				GCC_OPTIMIZATION_LEVEL = 0;
				GCC_PREPROCESSOR_DEFINITIONS = (
					"DEBUG=1",
					"$(inherited)",
				);
				GCC_WARN_64_TO_32_BIT_CONVERSION = YES;
				GCC_WARN_ABOUT_RETURN_TYPE = YES_ERROR;
				GCC_WARN_UNDECLARED_SELECTOR = YES;
				GCC_WARN_UNINITIALIZED_AUTOS = YES_AGGRESSIVE;
				GCC_WARN_UNUSED_FUNCTION = YES;
				GCC_WARN_UNUSED_VARIABLE = YES;
				IPHONEOS_DEPLOYMENT_TARGET = 13.2;
				MTL_ENABLE_DEBUG_INFO = INCLUDE_SOURCE;
				MTL_FAST_MATH = YES;
				ONLY_ACTIVE_ARCH = YES;
				SDKROOT = iphoneos;
				SWIFT_ACTIVE_COMPILATION_CONDITIONS = DEBUG;
				SWIFT_OPTIMIZATION_LEVEL = "-Onone";
			};
			name = Debug;
		};
		B7F5C1A623A00447009AAAA7 /* Release */ = {
			isa = XCBuildConfiguration;
			buildSettings = {
				ALWAYS_SEARCH_USER_PATHS = NO;
				CLANG_ANALYZER_NONNULL = YES;
				CLANG_ANALYZER_NUMBER_OBJECT_CONVERSION = YES_AGGRESSIVE;
				CLANG_CXX_LANGUAGE_STANDARD = "gnu++14";
				CLANG_CXX_LIBRARY = "libc++";
				CLANG_ENABLE_MODULES = YES;
				CLANG_ENABLE_OBJC_ARC = YES;
				CLANG_ENABLE_OBJC_WEAK = YES;
				CLANG_WARN_BLOCK_CAPTURE_AUTORELEASING = YES;
				CLANG_WARN_BOOL_CONVERSION = YES;
				CLANG_WARN_COMMA = YES;
				CLANG_WARN_CONSTANT_CONVERSION = YES;
				CLANG_WARN_DEPRECATED_OBJC_IMPLEMENTATIONS = YES;
				CLANG_WARN_DIRECT_OBJC_ISA_USAGE = YES_ERROR;
				CLANG_WARN_DOCUMENTATION_COMMENTS = YES;
				CLANG_WARN_EMPTY_BODY = YES;
				CLANG_WARN_ENUM_CONVERSION = YES;
				CLANG_WARN_INFINITE_RECURSION = YES;
				CLANG_WARN_INT_CONVERSION = YES;
				CLANG_WARN_NON_LITERAL_NULL_CONVERSION = YES;
				CLANG_WARN_OBJC_IMPLICIT_RETAIN_SELF = YES;
				CLANG_WARN_OBJC_LITERAL_CONVERSION = YES;
				CLANG_WARN_OBJC_ROOT_CLASS = YES_ERROR;
				CLANG_WARN_RANGE_LOOP_ANALYSIS = YES;
				CLANG_WARN_STRICT_PROTOTYPES = YES;
				CLANG_WARN_SUSPICIOUS_MOVE = YES;
				CLANG_WARN_UNGUARDED_AVAILABILITY = YES_AGGRESSIVE;
				CLANG_WARN_UNREACHABLE_CODE = YES;
				CLANG_WARN__DUPLICATE_METHOD_MATCH = YES;
				COPY_PHASE_STRIP = NO;
				DEBUG_INFORMATION_FORMAT = "dwarf-with-dsym";
				ENABLE_NS_ASSERTIONS = NO;
				ENABLE_STRICT_OBJC_MSGSEND = YES;
				GCC_C_LANGUAGE_STANDARD = gnu11;
				GCC_NO_COMMON_BLOCKS = YES;
				GCC_WARN_64_TO_32_BIT_CONVERSION = YES;
				GCC_WARN_ABOUT_RETURN_TYPE = YES_ERROR;
				GCC_WARN_UNDECLARED_SELECTOR = YES;
				GCC_WARN_UNINITIALIZED_AUTOS = YES_AGGRESSIVE;
				GCC_WARN_UNUSED_FUNCTION = YES;
				GCC_WARN_UNUSED_VARIABLE = YES;
				IPHONEOS_DEPLOYMENT_TARGET = 13.2;
				MTL_ENABLE_DEBUG_INFO = NO;
				MTL_FAST_MATH = YES;
				SDKROOT = iphoneos;
				SWIFT_COMPILATION_MODE = wholemodule;
				SWIFT_OPTIMIZATION_LEVEL = "-O";
				VALIDATE_PRODUCT = YES;
			};
			name = Release;
		};
		B7F5C1A823A00447009AAAA7 /* Debug */ = {
			isa = XCBuildConfiguration;
			baseConfigurationReference = C8FB75C94B73CDD20D420D26 /* Pods-TimeCard.debug.xcconfig */;
			buildSettings = {
				ASSETCATALOG_COMPILER_APPICON_NAME = AppIcon;
				CODE_SIGN_STYLE = Automatic;
				DEVELOPMENT_TEAM = WYTAPLL53G;
				INFOPLIST_FILE = TimeCard/Info.plist;
				IPHONEOS_DEPLOYMENT_TARGET = 13.0;
				LD_RUNPATH_SEARCH_PATHS = (
					"$(inherited)",
					"@executable_path/Frameworks",
				);
				PRODUCT_BUNDLE_IDENTIFIER = jp.pupuplanet.TimeCard;
				PRODUCT_NAME = "$(TARGET_NAME)";
				SWIFT_VERSION = 5.0;
				TARGETED_DEVICE_FAMILY = "1,2";
			};
			name = Debug;
		};
		B7F5C1A923A00447009AAAA7 /* Release */ = {
			isa = XCBuildConfiguration;
			baseConfigurationReference = 87AB7FCC4768BE0B7B366F84 /* Pods-TimeCard.release.xcconfig */;
			buildSettings = {
				ASSETCATALOG_COMPILER_APPICON_NAME = AppIcon;
				CODE_SIGN_STYLE = Automatic;
				DEVELOPMENT_TEAM = WYTAPLL53G;
				INFOPLIST_FILE = TimeCard/Info.plist;
				IPHONEOS_DEPLOYMENT_TARGET = 13.0;
				LD_RUNPATH_SEARCH_PATHS = (
					"$(inherited)",
					"@executable_path/Frameworks",
				);
				PRODUCT_BUNDLE_IDENTIFIER = jp.pupuplanet.TimeCard;
				PRODUCT_NAME = "$(TARGET_NAME)";
				SWIFT_VERSION = 5.0;
				TARGETED_DEVICE_FAMILY = "1,2";
			};
			name = Release;
		};
/* End XCBuildConfiguration section */

/* Begin XCConfigurationList section */
		B7F5C18E23A00442009AAAA7 /* Build configuration list for PBXProject "TimeCard" */ = {
			isa = XCConfigurationList;
			buildConfigurations = (
				B7F5C1A523A00447009AAAA7 /* Debug */,
				B7F5C1A623A00447009AAAA7 /* Release */,
			);
			defaultConfigurationIsVisible = 0;
			defaultConfigurationName = Release;
		};
		B7F5C1A723A00447009AAAA7 /* Build configuration list for PBXNativeTarget "TimeCard" */ = {
			isa = XCConfigurationList;
			buildConfigurations = (
				B7F5C1A823A00447009AAAA7 /* Debug */,
				B7F5C1A923A00447009AAAA7 /* Release */,
			);
			defaultConfigurationIsVisible = 0;
			defaultConfigurationName = Release;
		};
/* End XCConfigurationList section */
	};
	rootObject = B7F5C18B23A00442009AAAA7 /* Project object */;
}
